
Microsoft Visual Studio Solution File, Format Version 12.00
# Visual Studio Version 17
VisualStudioVersion = 17.13.35919.96
MinimumVisualStudioVersion = 10.0.40219.1
Project("{FAE04EC0-301F-11D3-BF4B-00C04F79EFBC}") = "FlightBoard.API", "FlightBoard.API\FlightBoard.API.csproj", "{CC119C15-7660-4801-8087-3C2C7B86D342}"
EndProject
Project("{FAE04EC0-301F-11D3-BF4B-00C04F79EFBC}") = "FlightBoard.Domain", "FlightBoard.Domain\FlightBoard.Domain.csproj", "{794C589B-1B36-4CAA-AE36-8349DBD46326}"
EndProject
Project("{FAE04EC0-301F-11D3-BF4B-00C04F79EFBC}") = "FlightBoard.Application", "FlightBoard.Application\FlightBoard.Application.csproj", "{3299E95B-862A-4544-AE82-C43819824869}"
EndProject
Project("{FAE04EC0-301F-11D3-BF4B-00C04F79EFBC}") = "FlightBoard.Infrastructure", "FlightBoard.Infrastructure\FlightBoard.Infrastructure.csproj", "{FFE43218-C5DB-4CFB-A9CF-05137AA72373}"
EndProject
Project("{FAE04EC0-301F-11D3-BF4B-00C04F79EFBC}") = "FlightBoard.Tests", "FlightBoard.Tests\FlightBoard.Tests.csproj", "{6F19C15F-8408-4BB9-8281-75F81ABAD60B}"
EndProject
Global
	GlobalSection(SolutionConfigurationPlatforms) = preSolution
		Debug|Any CPU = Debug|Any CPU
		Debug|x64 = Debug|x64
		Debug|x86 = Debug|x86
		Release|Any CPU = Release|Any CPU
		Release|x64 = Release|x64
		Release|x86 = Release|x86
	EndGlobalSection
	GlobalSection(ProjectConfigurationPlatforms) = postSolution
		{CC119C15-7660-4801-8087-3C2C7B86D342}.Debug|Any CPU.ActiveCfg = Debug|Any CPU
		{CC119C15-7660-4801-8087-3C2C7B86D342}.Debug|Any CPU.Build.0 = Debug|Any CPU
		{CC119C15-7660-4801-8087-3C2C7B86D342}.Debug|x64.ActiveCfg = Debug|Any CPU
		{CC119C15-7660-4801-8087-3C2C7B86D342}.Debug|x64.Build.0 = Debug|Any CPU
		{CC119C15-7660-4801-8087-3C2C7B86D342}.Debug|x86.ActiveCfg = Debug|Any CPU
		{CC119C15-7660-4801-8087-3C2C7B86D342}.Debug|x86.Build.0 = Debug|Any CPU
		{CC119C15-7660-4801-8087-3C2C7B86D342}.Release|Any CPU.ActiveCfg = Release|Any CPU
		{CC119C15-7660-4801-8087-3C2C7B86D342}.Release|Any CPU.Build.0 = Release|Any CPU
		{CC119C15-7660-4801-8087-3C2C7B86D342}.Release|x64.ActiveCfg = Release|Any CPU
		{CC119C15-7660-4801-8087-3C2C7B86D342}.Release|x64.Build.0 = Release|Any CPU
		{CC119C15-7660-4801-8087-3C2C7B86D342}.Release|x86.ActiveCfg = Release|Any CPU
		{CC119C15-7660-4801-8087-3C2C7B86D342}.Release|x86.Build.0 = Release|Any CPU
		{794C589B-1B36-4CAA-AE36-8349DBD46326}.Debug|Any CPU.ActiveCfg = Debug|Any CPU
		{794C589B-1B36-4CAA-AE36-8349DBD46326}.Debug|Any CPU.Build.0 = Debug|Any CPU
		{794C589B-1B36-4CAA-AE36-8349DBD46326}.Debug|x64.ActiveCfg = Debug|Any CPU
		{794C589B-1B36-4CAA-AE36-8349DBD46326}.Debug|x64.Build.0 = Debug|Any CPU
		{794C589B-1B36-4CAA-AE36-8349DBD46326}.Debug|x86.ActiveCfg = Debug|Any CPU
		{794C589B-1B36-4CAA-AE36-8349DBD46326}.Debug|x86.Build.0 = Debug|Any CPU
		{794C589B-1B36-4CAA-AE36-8349DBD46326}.Release|Any CPU.ActiveCfg = Release|Any CPU
		{794C589B-1B36-4CAA-AE36-8349DBD46326}.Release|Any CPU.Build.0 = Release|Any CPU
		{794C589B-1B36-4CAA-AE36-8349DBD46326}.Release|x64.ActiveCfg = Release|Any CPU
		{794C589B-1B36-4CAA-AE36-8349DBD46326}.Release|x64.Build.0 = Release|Any CPU
		{794C589B-1B36-4CAA-AE36-8349DBD46326}.Release|x86.ActiveCfg = Release|Any CPU
		{794C589B-1B36-4CAA-AE36-8349DBD46326}.Release|x86.Build.0 = Release|Any CPU
		{3299E95B-862A-4544-AE82-C43819824869}.Debug|Any CPU.ActiveCfg = Debug|Any CPU
		{3299E95B-862A-4544-AE82-C43819824869}.Debug|Any CPU.Build.0 = Debug|Any CPU
		{3299E95B-862A-4544-AE82-C43819824869}.Debug|x64.ActiveCfg = Debug|Any CPU
		{3299E95B-862A-4544-AE82-C43819824869}.Debug|x64.Build.0 = Debug|Any CPU
		{3299E95B-862A-4544-AE82-C43819824869}.Debug|x86.ActiveCfg = Debug|Any CPU
		{3299E95B-862A-4544-AE82-C43819824869}.Debug|x86.Build.0 = Debug|Any CPU
		{3299E95B-862A-4544-AE82-C43819824869}.Release|Any CPU.ActiveCfg = Release|Any CPU
		{3299E95B-862A-4544-AE82-C43819824869}.Release|Any CPU.Build.0 = Release|Any CPU
		{3299E95B-862A-4544-AE82-C43819824869}.Release|x64.ActiveCfg = Release|Any CPU
		{3299E95B-862A-4544-AE82-C43819824869}.Release|x64.Build.0 = Release|Any CPU
		{3299E95B-862A-4544-AE82-C43819824869}.Release|x86.ActiveCfg = Release|Any CPU
		{3299E95B-862A-4544-AE82-C43819824869}.Release|x86.Build.0 = Release|Any CPU
		{FFE43218-C5DB-4CFB-A9CF-05137AA72373}.Debug|Any CPU.ActiveCfg = Debug|Any CPU
		{FFE43218-C5DB-4CFB-A9CF-05137AA72373}.Debug|Any CPU.Build.0 = Debug|Any CPU
		{FFE43218-C5DB-4CFB-A9CF-05137AA72373}.Debug|x64.ActiveCfg = Debug|Any CPU
		{FFE43218-C5DB-4CFB-A9CF-05137AA72373}.Debug|x64.Build.0 = Debug|Any CPU
		{FFE43218-C5DB-4CFB-A9CF-05137AA72373}.Debug|x86.ActiveCfg = Debug|Any CPU
		{FFE43218-C5DB-4CFB-A9CF-05137AA72373}.Debug|x86.Build.0 = Debug|Any CPU
		{FFE43218-C5DB-4CFB-A9CF-05137AA72373}.Release|Any CPU.ActiveCfg = Release|Any CPU
		{FFE43218-C5DB-4CFB-A9CF-05137AA72373}.Release|Any CPU.Build.0 = Release|Any CPU
		{FFE43218-C5DB-4CFB-A9CF-05137AA72373}.Release|x64.ActiveCfg = Release|Any CPU
		{FFE43218-C5DB-4CFB-A9CF-05137AA72373}.Release|x64.Build.0 = Release|Any CPU
		{FFE43218-C5DB-4CFB-A9CF-05137AA72373}.Release|x86.ActiveCfg = Release|Any CPU
		{FFE43218-C5DB-4CFB-A9CF-05137AA72373}.Release|x86.Build.0 = Release|Any CPU
		{6F19C15F-8408-4BB9-8281-75F81ABAD60B}.Debug|Any CPU.ActiveCfg = Debug|Any CPU
		{6F19C15F-8408-4BB9-8281-75F81ABAD60B}.Debug|Any CPU.Build.0 = Debug|Any CPU
		{6F19C15F-8408-4BB9-8281-75F81ABAD60B}.Debug|x64.ActiveCfg = Debug|Any CPU
		{6F19C15F-8408-4BB9-8281-75F81ABAD60B}.Debug|x64.Build.0 = Debug|Any CPU
		{6F19C15F-8408-4BB9-8281-75F81ABAD60B}.Debug|x86.ActiveCfg = Debug|Any CPU
		{6F19C15F-8408-4BB9-8281-75F81ABAD60B}.Debug|x86.Build.0 = Debug|Any CPU
		{6F19C15F-8408-4BB9-8281-75F81ABAD60B}.Release|Any CPU.ActiveCfg = Release|Any CPU
		{6F19C15F-8408-4BB9-8281-75F81ABAD60B}.Release|Any CPU.Build.0 = Release|Any CPU
		{6F19C15F-8408-4BB9-8281-75F81ABAD60B}.Release|x64.ActiveCfg = Release|Any CPU
		{6F19C15F-8408-4BB9-8281-75F81ABAD60B}.Release|x64.Build.0 = Release|Any CPU
		{6F19C15F-8408-4BB9-8281-75F81ABAD60B}.Release|x86.ActiveCfg = Release|Any CPU
		{6F19C15F-8408-4BB9-8281-75F81ABAD60B}.Release|x86.Build.0 = Release|Any CPU
	EndGlobalSection
	GlobalSection(SolutionProperties) = preSolution
		HideSolutionNode = FALSE
	EndGlobalSection
	GlobalSection(ExtensibilityGlobals) = postSolution
		SolutionGuid = {C0E40E44-BC33-4C11-B9ED-84704412C87E}
	EndGlobalSection
EndGlobal
